
Microsoft Visual Studio Solution File, Format Version 12.00
# Visual Studio Version 17
VisualStudioVersion = 17.0.31903.59
MinimumVisualStudioVersion = 10.0.40219.1
Project("{2150E333-8FDC-42A3-9474-1A3956D46DE8}") = "src", "src", "{BED16D8C-8842-4417-A8D2-4A753FFE77DF}"
EndProject
Project("{2150E333-8FDC-42A3-9474-1A3956D46DE8}") = "Modules", "Modules", "{87C6CA94-7E88-452C-9A8F-2E48CA015541}"
EndProject
Project("{FAE04EC0-301F-11D3-BF4B-00C04F79EFBC}") = "Modules.Catalog", "src\Modules\Catalog\Modules.Catalog.csproj", "{241D44BC-BD38-4C1C-8ADD-EB651E58D04F}"
EndProject
Project("{FAE04EC0-301F-11D3-BF4B-00C04F79EFBC}") = "Modules.Orders", "src\Modules\Orders\Modules.Orders.csproj", "{633E32F8-8FCC-4D2B-89C1-43F518915843}"
EndProject
Project("{FAE04EC0-301F-11D3-BF4B-00C04F79EFBC}") = "Modules.Basket", "src\Modules\Basket\Modules.Basket.csproj", "{98F7BAFA-7907-48E7-A033-9316292E1979}"
EndProject
Project("{FAE04EC0-301F-11D3-BF4B-00C04F79EFBC}") = "Modules.Identity", "src\Modules\Identity\Modules.Identity.csproj", "{511A91AC-7B86-4015-8646-8B1EB5481261}"
EndProject
Project("{FAE04EC0-301F-11D3-BF4B-00C04F79EFBC}") = "SharedKernel", "src\SharedKernel\SharedKernel.csproj", "{751F4196-8F2D-497F-8EA8-D4CA43515742}"
EndProject
Project("{FAE04EC0-301F-11D3-BF4B-00C04F79EFBC}") = "Host", "src\Host\Host.csproj", "{01E8AC54-EB3F-4576-9A22-7CE6FD05894F}"
EndProject
Project("{2150E333-8FDC-42A3-9474-1A3956D46DE8}") = "tests", "tests", "{0919BAF9-FBB1-4155-B21C-8415E66FEBDB}"
EndProject
Project("{FAE04EC0-301F-11D3-BF4B-00C04F79EFBC}") = "ArchitectureTests", "tests\ArchitectureTests\ArchitectureTests.csproj", "{AF2D8F72-0E92-4030-AD3B-F16C88ED73E9}"
EndProject
Global
	GlobalSection(SolutionConfigurationPlatforms) = preSolution
		Debug|Any CPU = Debug|Any CPU
		Release|Any CPU = Release|Any CPU
	EndGlobalSection
	GlobalSection(SolutionProperties) = preSolution
		HideSolutionNode = FALSE
	EndGlobalSection
	GlobalSection(ProjectConfigurationPlatforms) = postSolution
		{241D44BC-BD38-4C1C-8ADD-EB651E58D04F}.Debug|Any CPU.ActiveCfg = Debug|Any CPU
		{241D44BC-BD38-4C1C-8ADD-EB651E58D04F}.Debug|Any CPU.Build.0 = Debug|Any CPU
		{241D44BC-BD38-4C1C-8ADD-EB651E58D04F}.Release|Any CPU.ActiveCfg = Release|Any CPU
		{241D44BC-BD38-4C1C-8ADD-EB651E58D04F}.Release|Any CPU.Build.0 = Release|Any CPU
		{633E32F8-8FCC-4D2B-89C1-43F518915843}.Debug|Any CPU.ActiveCfg = Debug|Any CPU
		{633E32F8-8FCC-4D2B-89C1-43F518915843}.Debug|Any CPU.Build.0 = Debug|Any CPU
		{633E32F8-8FCC-4D2B-89C1-43F518915843}.Release|Any CPU.ActiveCfg = Release|Any CPU
		{633E32F8-8FCC-4D2B-89C1-43F518915843}.Release|Any CPU.Build.0 = Release|Any CPU
		{98F7BAFA-7907-48E7-A033-9316292E1979}.Debug|Any CPU.ActiveCfg = Debug|Any CPU
		{98F7BAFA-7907-48E7-A033-9316292E1979}.Debug|Any CPU.Build.0 = Debug|Any CPU
		{98F7BAFA-7907-48E7-A033-9316292E1979}.Release|Any CPU.ActiveCfg = Release|Any CPU
		{98F7BAFA-7907-48E7-A033-9316292E1979}.Release|Any CPU.Build.0 = Release|Any CPU
		{511A91AC-7B86-4015-8646-8B1EB5481261}.Debug|Any CPU.ActiveCfg = Debug|Any CPU
		{511A91AC-7B86-4015-8646-8B1EB5481261}.Debug|Any CPU.Build.0 = Debug|Any CPU
		{511A91AC-7B86-4015-8646-8B1EB5481261}.Release|Any CPU.ActiveCfg = Release|Any CPU
		{511A91AC-7B86-4015-8646-8B1EB5481261}.Release|Any CPU.Build.0 = Release|Any CPU
		{751F4196-8F2D-497F-8EA8-D4CA43515742}.Debug|Any CPU.ActiveCfg = Debug|Any CPU
		{751F4196-8F2D-497F-8EA8-D4CA43515742}.Debug|Any CPU.Build.0 = Debug|Any CPU
		{751F4196-8F2D-497F-8EA8-D4CA43515742}.Release|Any CPU.ActiveCfg = Release|Any CPU
		{751F4196-8F2D-497F-8EA8-D4CA43515742}.Release|Any CPU.Build.0 = Release|Any CPU
		{01E8AC54-EB3F-4576-9A22-7CE6FD05894F}.Debug|Any CPU.ActiveCfg = Debug|Any CPU
		{01E8AC54-EB3F-4576-9A22-7CE6FD05894F}.Debug|Any CPU.Build.0 = Debug|Any CPU
		{01E8AC54-EB3F-4576-9A22-7CE6FD05894F}.Release|Any CPU.ActiveCfg = Release|Any CPU
		{01E8AC54-EB3F-4576-9A22-7CE6FD05894F}.Release|Any CPU.Build.0 = Release|Any CPU
		{AF2D8F72-0E92-4030-AD3B-F16C88ED73E9}.Debug|Any CPU.ActiveCfg = Debug|Any CPU
		{AF2D8F72-0E92-4030-AD3B-F16C88ED73E9}.Debug|Any CPU.Build.0 = Debug|Any CPU
		{AF2D8F72-0E92-4030-AD3B-F16C88ED73E9}.Release|Any CPU.ActiveCfg = Release|Any CPU
		{AF2D8F72-0E92-4030-AD3B-F16C88ED73E9}.Release|Any CPU.Build.0 = Release|Any CPU
	EndGlobalSection
	GlobalSection(NestedProjects) = preSolution
		{87C6CA94-7E88-452C-9A8F-2E48CA015541} = {BED16D8C-8842-4417-A8D2-4A753FFE77DF}
		{241D44BC-BD38-4C1C-8ADD-EB651E58D04F} = {87C6CA94-7E88-452C-9A8F-2E48CA015541}
		{633E32F8-8FCC-4D2B-89C1-43F518915843} = {87C6CA94-7E88-452C-9A8F-2E48CA015541}
		{98F7BAFA-7907-48E7-A033-9316292E1979} = {87C6CA94-7E88-452C-9A8F-2E48CA015541}
		{511A91AC-7B86-4015-8646-8B1EB5481261} = {87C6CA94-7E88-452C-9A8F-2E48CA015541}
		{751F4196-8F2D-497F-8EA8-D4CA43515742} = {BED16D8C-8842-4417-A8D2-4A753FFE77DF}
		{01E8AC54-EB3F-4576-9A22-7CE6FD05894F} = {BED16D8C-8842-4417-A8D2-4A753FFE77DF}
		{AF2D8F72-0E92-4030-AD3B-F16C88ED73E9} = {0919BAF9-FBB1-4155-B21C-8415E66FEBDB}
	EndGlobalSection
EndGlobal
